{
  "nodes": {
    "flake-utils": {
      "locked": {
        "lastModified": 1631561581,
        "narHash": "sha256-3VQMV5zvxaVLvqqUrNz3iJelLw30mIVSfZmAaauM3dA=",
        "owner": "numtide",
        "repo": "flake-utils",
        "rev": "7e5bf3925f6fbdfaf50a2a7ca0be2879c4261d19",
        "type": "github"
      },
      "original": {
        "owner": "numtide",
        "repo": "flake-utils",
        "type": "github"
      }
    },
    "flake-utils_2": {
      "locked": {
        "lastModified": 1619345332,
        "narHash": "sha256-qHnQkEp1uklKTpx3MvKtY6xzgcqXDsz5nLilbbuL+3A=",
        "owner": "numtide",
        "repo": "flake-utils",
        "rev": "2ebf2558e5bf978c7fb8ea927dfaed8fefab2e28",
        "type": "github"
      },
      "original": {
        "owner": "numtide",
        "repo": "flake-utils",
        "type": "github"
      }
    },
    "nixpkgs": {
      "locked": {
        "lastModified": 1633329294,
        "narHash": "sha256-0LpQLS4KMgxslMgmDHmxG/5twFlXDBW9z4Or1iOrCvU=",
        "owner": "nixos",
        "repo": "nixpkgs",
        "rev": "ee084c02040e864eeeb4cf4f8538d92f7c675671",
        "type": "github"
      },
      "original": {
        "owner": "nixos",
        "ref": "nixpkgs-unstable",
        "repo": "nixpkgs",
        "type": "github"
      }
    },
    "nixpkgs_2": {
      "locked": {
        "lastModified": 1619531122,
        "narHash": "sha256-ovm5bo6PkZzNKh2YGXbRKYIjega0EjiEP0YDwyeXEYU=",
        "owner": "NixOS",
        "repo": "nixpkgs",
        "rev": "bb80d578e8ad3cb5a607f468ac00cc546d0396dc",
        "type": "github"
      },
      "original": {
        "id": "nixpkgs",
        "type": "indirect"
      }
    },
    "pre-commit-hooks": {
      "inputs": {
        "flake-utils": "flake-utils_2",
        "nixpkgs": "nixpkgs_2"
      },
      "locked": {
        "lastModified": 1633788342,
        "narHash": "sha256-wx+aRtR5FwbMOV/0N3PSC4au92aXl6tfwHOk4xgYXRQ=",
        "owner": "cachix",
        "repo": "pre-commit-hooks.nix",
        "rev": "475b1f7f7ddcb6415e6624a68c4fe90f55ee9e73",
        "type": "github"
      },
      "original": {
        "owner": "cachix",
        "repo": "pre-commit-hooks.nix",
        "type": "github"
      }
    },
    "root": {
      "inputs": {
        "flake-utils": "flake-utils",
        "nixpkgs": "nixpkgs",
        "pre-commit-hooks": "pre-commit-hooks"
      }
    }
  },
  "root": "root",
  "version": 7
}
